
Microsoft Visual Studio Solution File, Format Version 12.00
# Visual Studio Version 17
VisualStudioVersion = 17.5.33530.505
MinimumVisualStudioVersion = 10.0.40219.1
Project("{FAE04EC0-301F-11D3-BF4B-00C04F79EFBC}") = "MathQuiz", "MathQuiz\MathQuiz.csproj", "{A2B7FDB7-9FD9-4A40-A6A4-94AEC2E4A8C9}"
EndProject
Global
	GlobalSection(SolutionConfigurationPlatforms) = preSolution
		Debug|Any CPU = Debug|Any CPU
		Release|Any CPU = Release|Any CPU
	EndGlobalSection
	GlobalSection(ProjectConfigurationPlatforms) = postSolution
		{A2B7FDB7-9FD9-4A40-A6A4-94AEC2E4A8C9}.Debug|Any CPU.ActiveCfg = Debug|Any CPU
		{A2B7FDB7-9FD9-4A40-A6A4-94AEC2E4A8C9}.Debug|Any CPU.Build.0 = Debug|Any CPU
		{A2B7FDB7-9FD9-4A40-A6A4-94AEC2E4A8C9}.Release|Any CPU.ActiveCfg = Release|Any CPU
		{A2B7FDB7-9FD9-4A40-A6A4-94AEC2E4A8C9}.Release|Any CPU.Build.0 = Release|Any CPU
	EndGlobalSection
	GlobalSection(SolutionProperties) = preSolution
		HideSolutionNode = FALSE
	EndGlobalSection
	GlobalSection(ExtensibilityGlobals) = postSolution
		SolutionGuid = {14AB7F3D-D900-4E86-B225-6FEFB696032F}
	EndGlobalSection
EndGlobal
